{"argv": ["phases/p2-gsjso/scripts/fusion_w1_alignment_runtime_guard_lock1.py", "launch", "--config", "phases/p2-gsjso/configs/fusion_w1_alignment_gate_lock1.json", "--guard-receipt", "phases/p2-gsjso/runs/20260724_fusion_w1/w1_align_execution_guard.json", "--lock-file", "phases/p2-gsjso/runs/20260724_fusion_w1/w1_align_gate.lock", "--host-control-root", "/host-control/JointBuildGS", "--", "python", "phases/p2-gsjso/scripts/fusion_w1_alignment_gate_lock1.py", "--config", "phases/p2-gsjso/configs/fusion_w1_alignment_gate_lock1.json", "--execution-guard", "phases/p2-gsjso/runs/20260724_fusion_w1/w1_align_execution_guard.json", "--cohort", "core"], "created_utc": "2026-07-24T22:39:13.545863Z", "pid": 1758096}
